
Microsoft Visual Studio Solution File, Format Version 12.00
# Visual Studio Version 17
VisualStudioVersion = 17.11.35303.130
MinimumVisualStudioVersion = 10.0.40219.1
Project("{888888A0-9F3D-457C-B088-3A5042F75D52}") = "Word_Scramble", "Word_Scramble.pyproj", "{C67D2FAC-B6A9-4F12-8B5C-3A870FC9649D}"
EndProject
Global
	GlobalSection(SolutionConfigurationPlatforms) = preSolution
		Debug|Any CPU = Debug|Any CPU
		Release|Any CPU = Release|Any CPU
	EndGlobalSection
	GlobalSection(ProjectConfigurationPlatforms) = postSolution
		{C67D2FAC-B6A9-4F12-8B5C-3A870FC9649D}.Debug|Any CPU.ActiveCfg = Debug|Any CPU
		{C67D2FAC-B6A9-4F12-8B5C-3A870FC9649D}.Release|Any CPU.ActiveCfg = Release|Any CPU
	EndGlobalSection
	GlobalSection(SolutionProperties) = preSolution
		HideSolutionNode = FALSE
	EndGlobalSection
	GlobalSection(ExtensibilityGlobals) = postSolution
		SolutionGuid = {4FA2F3DC-AE00-48A6-8091-E37ECB5B6AAC}
	EndGlobalSection
EndGlobal
